// !$*UTF8*$!
{
	archiveVersion = 1;
	classes = {
	};
	objectVersion = 50;
	objects = {

/* Begin PBXBuildFile section */
		55B1CD5C238053FE00224913 /* AppDelegate.swift in Sources */ = {isa = PBXBuildFile; fileRef = 55B1CD5B238053FE00224913 /* AppDelegate.swift */; };
		55B1CD5E238053FE00224913 /* SceneDelegate.swift in Sources */ = {isa = PBXBuildFile; fileRef = 55B1CD5D238053FE00224913 /* SceneDelegate.swift */; };
		55B1CD60238053FE00224913 /* ViewController.swift in Sources */ = {isa = PBXBuildFile; fileRef = 55B1CD5F238053FE00224913 /* ViewController.swift */; };
		55B1CD63238053FE00224913 /* Main.storyboard in Resources */ = {isa = PBXBuildFile; fileRef = 55B1CD61238053FE00224913 /* Main.storyboard */; };
		55B1CD652380540100224913 /* Assets.xcassets in Resources */ = {isa = PBXBuildFile; fileRef = 55B1CD642380540100224913 /* Assets.xcassets */; };
		55B1CD682380540100224913 /* LaunchScreen.storyboard in Resources */ = {isa = PBXBuildFile; fileRef = 55B1CD662380540100224913 /* LaunchScreen.storyboard */; };
		55B1CD732380540100224913 /* RedditorTests.swift in Sources */ = {isa = PBXBuildFile; fileRef = 55B1CD722380540100224913 /* RedditorTests.swift */; };
/* End PBXBuildFile section */

/* Begin PBXContainerItemProxy section */
		55B1CD6F2380540100224913 /* PBXContainerItemProxy */ = {
			isa = PBXContainerItemProxy;
			containerPortal = 55B1CD50238053FE00224913 /* Project object */;
			proxyType = 1;
			remoteGlobalIDString = 55B1CD57238053FE00224913;
			remoteInfo = Redditor;
		};
/* End PBXContainerItemProxy section */

/* Begin PBXFileReference section */
		55B1CD58238053FE00224913 /* Redditor.app */ = {isa = PBXFileReference; explicitFileType = wrapper.application; includeInIndex = 0; path = Redditor.app; sourceTree = BUILT_PRODUCTS_DIR; };
		55B1CD5B238053FE00224913 /* AppDelegate.swift */ = {isa = PBXFileReference; lastKnownFileType = sourcecode.swift; path = AppDelegate.swift; sourceTree = "<group>"; };
		55B1CD5D238053FE00224913 /* SceneDelegate.swift */ = {isa = PBXFileReference; lastKnownFileType = sourcecode.swift; path = SceneDelegate.swift; sourceTree = "<group>"; };
		55B1CD5F238053FE00224913 /* ViewController.swift */ = {isa = PBXFileReference; lastKnownFileType = sourcecode.swift; path = ViewController.swift; sourceTree = "<group>"; };
		55B1CD62238053FE00224913 /* Base */ = {isa = PBXFileReference; lastKnownFileType = file.storyboard; name = Base; path = Base.lproj/Main.storyboard; sourceTree = "<group>"; };
		55B1CD642380540100224913 /* Assets.xcassets */ = {isa = PBXFileReference; lastKnownFileType = folder.assetcatalog; path = Assets.xcassets; sourceTree = "<group>"; };
		55B1CD672380540100224913 /* Base */ = {isa = PBXFileReference; lastKnownFileType = file.storyboard; name = Base; path = Base.lproj/LaunchScreen.storyboard; sourceTree = "<group>"; };
		55B1CD692380540100224913 /* Info.plist */ = {isa = PBXFileReference; lastKnownFileType = text.plist.xml; path = Info.plist; sourceTree = "<group>"; };
		55B1CD6E2380540100224913 /* RedditorTests.xctest */ = {isa = PBXFileReference; explicitFileType = wrapper.cfbundle; includeInIndex = 0; path = RedditorTests.xctest; sourceTree = BUILT_PRODUCTS_DIR; };
		55B1CD722380540100224913 /* RedditorTests.swift */ = {isa = PBXFileReference; lastKnownFileType = sourcecode.swift; path = RedditorTests.swift; sourceTree = "<group>"; };
		55B1CD742380540100224913 /* Info.plist */ = {isa = PBXFileReference; lastKnownFileType = text.plist.xml; path = Info.plist; sourceTree = "<group>"; };
/* End PBXFileReference section */

/* Begin PBXFrameworksBuildPhase section */
		55B1CD55238053FE00224913 /* Frameworks */ = {
			isa = PBXFrameworksBuildPhase;
			buildActionMask = 2147483647;
			files = (
			);
			runOnlyForDeploymentPostprocessing = 0;
		};
		55B1CD6B2380540100224913 /* Frameworks */ = {
			isa = PBXFrameworksBuildPhase;
			buildActionMask = 2147483647;
			files = (
			);
			runOnlyForDeploymentPostprocessing = 0;
		};
/* End PBXFrameworksBuildPhase section */

/* Begin PBXGroup section */
		55B1CD4F238053FE00224913 = {
			isa = PBXGroup;
			children = (
				55B1CD5A238053FE00224913 /* Redditor */,
				55B1CD712380540100224913 /* RedditorTests */,
				55B1CD59238053FE00224913 /* Products */,
			);
			sourceTree = "<group>";
		};
		55B1CD59238053FE00224913 /* Products */ = {
			isa = PBXGroup;
			children = (
				55B1CD58238053FE00224913 /* Redditor.app */,
				55B1CD6E2380540100224913 /* RedditorTests.xctest */,
			);
			name = Products;
			sourceTree = "<group>";
		};
		55B1CD5A238053FE00224913 /* Redditor */ = {
			isa = PBXGroup;
			children = (
				55B1CD5B238053FE00224913 /* AppDelegate.swift */,
				55B1CD5D238053FE00224913 /* SceneDelegate.swift */,
				55B1CD5F238053FE00224913 /* ViewController.swift */,
				55B1CD61238053FE00224913 /* Main.storyboard */,
				55B1CD642380540100224913 /* Assets.xcassets */,
				55B1CD662380540100224913 /* LaunchScreen.storyboard */,
				55B1CD692380540100224913 /* Info.plist */,
			);
			path = Redditor;
			sourceTree = "<group>";
		};
		55B1CD712380540100224913 /* RedditorTests */ = {
			isa = PBXGroup;
			children = (
				55B1CD722380540100224913 /* RedditorTests.swift */,
				55B1CD742380540100224913 /* Info.plist */,
			);
			path = RedditorTests;
			sourceTree = "<group>";
		};
/* End PBXGroup section */

/* Begin PBXNativeTarget section */
		55B1CD57238053FE00224913 /* Redditor */ = {
			isa = PBXNativeTarget;
			buildConfigurationList = 55B1CD772380540100224913 /* Build configuration list for PBXNativeTarget "Redditor" */;
			buildPhases = (
				55B1CD54238053FE00224913 /* Sources */,
				55B1CD55238053FE00224913 /* Frameworks */,
				55B1CD56238053FE00224913 /* Resources */,
			);
			buildRules = (
			);
			dependencies = (
			);
			name = Redditor;
			productName = Redditor;
			productReference = 55B1CD58238053FE00224913 /* Redditor.app */;
			productType = "com.apple.product-type.application";
		};
		55B1CD6D2380540100224913 /* RedditorTests */ = {
			isa = PBXNativeTarget;
			buildConfigurationList = 55B1CD7A2380540100224913 /* Build configuration list for PBXNativeTarget "RedditorTests" */;
			buildPhases = (
				55B1CD6A2380540100224913 /* Sources */,
				55B1CD6B2380540100224913 /* Frameworks */,
				55B1CD6C2380540100224913 /* Resources */,
			);
			buildRules = (
			);
			dependencies = (
				55B1CD702380540100224913 /* PBXTargetDependency */,
			);
			name = RedditorTests;
			productName = RedditorTests;
			productReference = 55B1CD6E2380540100224913 /* RedditorTests.xctest */;
			productType = "com.apple.product-type.bundle.unit-test";
		};
/* End PBXNativeTarget section */

/* Begin PBXProject section */
		55B1CD50238053FE00224913 /* Project object */ = {
			isa = PBXProject;
			attributes = {
				LastSwiftUpdateCheck = 1120;
				LastUpgradeCheck = 1120;
				ORGANIZATIONNAME = "Alejandro Cárdenas";
				TargetAttributes = {
					55B1CD57238053FE00224913 = {
						CreatedOnToolsVersion = 11.2.1;
					};
					55B1CD6D2380540100224913 = {
						CreatedOnToolsVersion = 11.2.1;
						TestTargetID = 55B1CD57238053FE00224913;
					};
				};
			};
			buildConfigurationList = 55B1CD53238053FE00224913 /* Build configuration list for PBXProject "Redditor" */;
			compatibilityVersion = "Xcode 9.3";
			developmentRegion = en;
			hasScannedForEncodings = 0;
			knownRegions = (
				en,
				Base,
			);
			mainGroup = 55B1CD4F238053FE00224913;
			productRefGroup = 55B1CD59238053FE00224913 /* Products */;
			projectDirPath = "";
			projectRoot = "";
			targets = (
				55B1CD57238053FE00224913 /* Redditor */,
				55B1CD6D2380540100224913 /* RedditorTests */,
			);
		};
/* End PBXProject section */

/* Begin PBXResourcesBuildPhase section */
		55B1CD56238053FE00224913 /* Resources */ = {
			isa = PBXResourcesBuildPhase;
			buildActionMask = 2147483647;
			files = (
				55B1CD682380540100224913 /* LaunchScreen.storyboard in Resources */,
				55B1CD652380540100224913 /* Assets.xcassets in Resources */,
				55B1CD63238053FE00224913 /* Main.storyboard in Resources */,
			);
			runOnlyForDeploymentPostprocessing = 0;
		};
		55B1CD6C2380540100224913 /* Resources */ = {
			isa = PBXResourcesBuildPhase;
			buildActionMask = 2147483647;
			files = (
			);
			runOnlyForDeploymentPostprocessing = 0;
		};
/* End PBXResourcesBuildPhase section */

/* Begin PBXSourcesBuildPhase section */
		55B1CD54238053FE00224913 /* Sources */ = {
			isa = PBXSourcesBuildPhase;
			buildActionMask = 2147483647;
			files = (
				55B1CD60238053FE00224913 /* ViewController.swift in Sources */,
				55B1CD5C238053FE00224913 /* AppDelegate.swift in Sources */,
				55B1CD5E238053FE00224913 /* SceneDelegate.swift in Sources */,
			);
			runOnlyForDeploymentPostprocessing = 0;
		};
		55B1CD6A2380540100224913 /* Sources */ = {
			isa = PBXSourcesBuildPhase;
			buildActionMask = 2147483647;
			files = (
				55B1CD732380540100224913 /* RedditorTests.swift in Sources */,
			);
			runOnlyForDeploymentPostprocessing = 0;
		};
/* End PBXSourcesBuildPhase section */

/* Begin PBXTargetDependency section */
		55B1CD702380540100224913 /* PBXTargetDependency */ = {
			isa = PBXTargetDependency;
			target = 55B1CD57238053FE00224913 /* Redditor */;
			targetProxy = 55B1CD6F2380540100224913 /* PBXContainerItemProxy */;
		};
/* End PBXTargetDependency section */

/* Begin PBXVariantGroup section */
		55B1CD61238053FE00224913 /* Main.storyboard */ = {
			isa = PBXVariantGroup;
			children = (
				55B1CD62238053FE00224913 /* Base */,
			);
			name = Main.storyboard;
			sourceTree = "<group>";
		};
		55B1CD662380540100224913 /* LaunchScreen.storyboard */ = {
			isa = PBXVariantGroup;
			children = (
				55B1CD672380540100224913 /* Base */,
			);
			name = LaunchScreen.storyboard;
			sourceTree = "<group>";
		};
/* End PBXVariantGroup section */

/* Begin XCBuildConfiguration section */
		55B1CD752380540100224913 /* Debug */ = {
			isa = XCBuildConfiguration;
			buildSettings = {
				ALWAYS_SEARCH_USER_PATHS = NO;
				CLANG_ANALYZER_NONNULL = YES;
				CLANG_ANALYZER_NUMBER_OBJECT_CONVERSION = YES_AGGRESSIVE;
				CLANG_CXX_LANGUAGE_STANDARD = "gnu++14";
				CLANG_CXX_LIBRARY = "libc++";
				CLANG_ENABLE_MODULES = YES;
				CLANG_ENABLE_OBJC_ARC = YES;
				CLANG_ENABLE_OBJC_WEAK = YES;
				CLANG_WARN_BLOCK_CAPTURE_AUTORELEASING = YES;
				CLANG_WARN_BOOL_CONVERSION = YES;
				CLANG_WARN_COMMA = YES;
				CLANG_WARN_CONSTANT_CONVERSION = YES;
				CLANG_WARN_DEPRECATED_OBJC_IMPLEMENTATIONS = YES;
				CLANG_WARN_DIRECT_OBJC_ISA_USAGE = YES_ERROR;
				CLANG_WARN_DOCUMENTATION_COMMENTS = YES;
				CLANG_WARN_EMPTY_BODY = YES;
				CLANG_WARN_ENUM_CONVERSION = YES;
				CLANG_WARN_INFINITE_RECURSION = YES;
				CLANG_WARN_INT_CONVERSION = YES;
				CLANG_WARN_NON_LITERAL_NULL_CONVERSION = YES;
				CLANG_WARN_OBJC_IMPLICIT_RETAIN_SELF = YES;
				CLANG_WARN_OBJC_LITERAL_CONVERSION = YES;
				CLANG_WARN_OBJC_ROOT_CLASS = YES_ERROR;
				CLANG_WARN_RANGE_LOOP_ANALYSIS = YES;
				CLANG_WARN_STRICT_PROTOTYPES = YES;
				CLANG_WARN_SUSPICIOUS_MOVE = YES;
				CLANG_WARN_UNGUARDED_AVAILABILITY = YES_AGGRESSIVE;
				CLANG_WARN_UNREACHABLE_CODE = YES;
				CLANG_WARN__DUPLICATE_METHOD_MATCH = YES;
				COPY_PHASE_STRIP = NO;
				DEBUG_INFORMATION_FORMAT = dwarf;
				ENABLE_STRICT_OBJC_MSGSEND = YES;
				ENABLE_TESTABILITY = YES;
				GCC_C_LANGUAGE_STANDARD = gnu11;
				GCC_DYNAMIC_NO_PIC = NO;
				GCC_NO_COMMON_BLOCKS = YES;
				GCC_OPTIMIZATION_LEVEL = 0;
				GCC_PREPROCESSOR_DEFINITIONS = (
					"DEBUG=1",
					"$(inherited)",
				);
				GCC_WARN_64_TO_32_BIT_CONVERSION = YES;
				GCC_WARN_ABOUT_RETURN_TYPE = YES_ERROR;
				GCC_WARN_UNDECLARED_SELECTOR = YES;
				GCC_WARN_UNINITIALIZED_AUTOS = YES_AGGRESSIVE;
				GCC_WARN_UNUSED_FUNCTION = YES;
				GCC_WARN_UNUSED_VARIABLE = YES;
				IPHONEOS_DEPLOYMENT_TARGET = 13.2;
				MTL_ENABLE_DEBUG_INFO = INCLUDE_SOURCE;
				MTL_FAST_MATH = YES;
				ONLY_ACTIVE_ARCH = YES;
				SDKROOT = iphoneos;
				SWIFT_ACTIVE_COMPILATION_CONDITIONS = DEBUG;
				SWIFT_OPTIMIZATION_LEVEL = "-Onone";
			};
			name = Debug;
		};
		55B1CD762380540100224913 /* Release */ = {
			isa = XCBuildConfiguration;
			buildSettings = {
				ALWAYS_SEARCH_USER_PATHS = NO;
				CLANG_ANALYZER_NONNULL = YES;
				CLANG_ANALYZER_NUMBER_OBJECT_CONVERSION = YES_AGGRESSIVE;
				CLANG_CXX_LANGUAGE_STANDARD = "gnu++14";
				CLANG_CXX_LIBRARY = "libc++";
				CLANG_ENABLE_MODULES = YES;
				CLANG_ENABLE_OBJC_ARC = YES;
				CLANG_ENABLE_OBJC_WEAK = YES;
				CLANG_WARN_BLOCK_CAPTURE_AUTORELEASING = YES;
				CLANG_WARN_BOOL_CONVERSION = YES;
				CLANG_WARN_COMMA = YES;
				CLANG_WARN_CONSTANT_CONVERSION = YES;
				CLANG_WARN_DEPRECATED_OBJC_IMPLEMENTATIONS = YES;
				CLANG_WARN_DIRECT_OBJC_ISA_USAGE = YES_ERROR;
				CLANG_WARN_DOCUMENTATION_COMMENTS = YES;
				CLANG_WARN_EMPTY_BODY = YES;
				CLANG_WARN_ENUM_CONVERSION = YES;
				CLANG_WARN_INFINITE_RECURSION = YES;
				CLANG_WARN_INT_CONVERSION = YES;
				CLANG_WARN_NON_LITERAL_NULL_CONVERSION = YES;
				CLANG_WARN_OBJC_IMPLICIT_RETAIN_SELF = YES;
				CLANG_WARN_OBJC_LITERAL_CONVERSION = YES;
				CLANG_WARN_OBJC_ROOT_CLASS = YES_ERROR;
				CLANG_WARN_RANGE_LOOP_ANALYSIS = YES;
				CLANG_WARN_STRICT_PROTOTYPES = YES;
				CLANG_WARN_SUSPICIOUS_MOVE = YES;
				CLANG_WARN_UNGUARDED_AVAILABILITY = YES_AGGRESSIVE;
				CLANG_WARN_UNREACHABLE_CODE = YES;
				CLANG_WARN__DUPLICATE_METHOD_MATCH = YES;
				COPY_PHASE_STRIP = NO;
				DEBUG_INFORMATION_FORMAT = "dwarf-with-dsym";
				ENABLE_NS_ASSERTIONS = NO;
				ENABLE_STRICT_OBJC_MSGSEND = YES;
				GCC_C_LANGUAGE_STANDARD = gnu11;
				GCC_NO_COMMON_BLOCKS = YES;
				GCC_WARN_64_TO_32_BIT_CONVERSION = YES;
				GCC_WARN_ABOUT_RETURN_TYPE = YES_ERROR;
				GCC_WARN_UNDECLARED_SELECTOR = YES;
				GCC_WARN_UNINITIALIZED_AUTOS = YES_AGGRESSIVE;
				GCC_WARN_UNUSED_FUNCTION = YES;
				GCC_WARN_UNUSED_VARIABLE = YES;
				IPHONEOS_DEPLOYMENT_TARGET = 13.2;
				MTL_ENABLE_DEBUG_INFO = NO;
				MTL_FAST_MATH = YES;
				SDKROOT = iphoneos;
				SWIFT_COMPILATION_MODE = wholemodule;
				SWIFT_OPTIMIZATION_LEVEL = "-O";
				VALIDATE_PRODUCT = YES;
			};
			name = Release;
		};
		55B1CD782380540100224913 /* Debug */ = {
			isa = XCBuildConfiguration;
			buildSettings = {
				ASSETCATALOG_COMPILER_APPICON_NAME = AppIcon;
				CODE_SIGN_STYLE = Automatic;
				INFOPLIST_FILE = Redditor/Info.plist;
				LD_RUNPATH_SEARCH_PATHS = (
					"$(inherited)",
					"@executable_path/Frameworks",
				);
				PRODUCT_BUNDLE_IDENTIFIER = io.alekscbarragan.Redditor;
				PRODUCT_NAME = "$(TARGET_NAME)";
				SWIFT_VERSION = 5.0;
				TARGETED_DEVICE_FAMILY = "1,2";
			};
			name = Debug;
		};
		55B1CD792380540100224913 /* Release */ = {
			isa = XCBuildConfiguration;
			buildSettings = {
				ASSETCATALOG_COMPILER_APPICON_NAME = AppIcon;
				CODE_SIGN_STYLE = Automatic;
				INFOPLIST_FILE = Redditor/Info.plist;
				LD_RUNPATH_SEARCH_PATHS = (
					"$(inherited)",
					"@executable_path/Frameworks",
				);
				PRODUCT_BUNDLE_IDENTIFIER = io.alekscbarragan.Redditor;
				PRODUCT_NAME = "$(TARGET_NAME)";
				SWIFT_VERSION = 5.0;
				TARGETED_DEVICE_FAMILY = "1,2";
			};
			name = Release;
		};
		55B1CD7B2380540100224913 /* Debug */ = {
			isa = XCBuildConfiguration;
			buildSettings = {
				ALWAYS_EMBED_SWIFT_STANDARD_LIBRARIES = YES;
				BUNDLE_LOADER = "$(TEST_HOST)";
				CODE_SIGN_STYLE = Automatic;
				INFOPLIST_FILE = RedditorTests/Info.plist;
				IPHONEOS_DEPLOYMENT_TARGET = 13.2;
				LD_RUNPATH_SEARCH_PATHS = (
					"$(inherited)",
					"@executable_path/Frameworks",
					"@loader_path/Frameworks",
				);
				PRODUCT_BUNDLE_IDENTIFIER = io.alekscbarragan.RedditorTests;
				PRODUCT_NAME = "$(TARGET_NAME)";
				SWIFT_VERSION = 5.0;
				TARGETED_DEVICE_FAMILY = "1,2";
				TEST_HOST = "$(BUILT_PRODUCTS_DIR)/Redditor.app/Redditor";
			};
			name = Debug;
		};
		55B1CD7C2380540100224913 /* Release */ = {
			isa = XCBuildConfiguration;
			buildSettings = {
				ALWAYS_EMBED_SWIFT_STANDARD_LIBRARIES = YES;
				BUNDLE_LOADER = "$(TEST_HOST)";
				CODE_SIGN_STYLE = Automatic;
				INFOPLIST_FILE = RedditorTests/Info.plist;
				IPHONEOS_DEPLOYMENT_TARGET = 13.2;
				LD_RUNPATH_SEARCH_PATHS = (
					"$(inherited)",
					"@executable_path/Frameworks",
					"@loader_path/Frameworks",
				);
				PRODUCT_BUNDLE_IDENTIFIER = io.alekscbarragan.RedditorTests;
				PRODUCT_NAME = "$(TARGET_NAME)";
				SWIFT_VERSION = 5.0;
				TARGETED_DEVICE_FAMILY = "1,2";
				TEST_HOST = "$(BUILT_PRODUCTS_DIR)/Redditor.app/Redditor";
			};
			name = Release;
		};
/* End XCBuildConfiguration section */

/* Begin XCConfigurationList section */
		55B1CD53238053FE00224913 /* Build configuration list for PBXProject "Redditor" */ = {
			isa = XCConfigurationList;
			buildConfigurations = (
				55B1CD752380540100224913 /* Debug */,
				55B1CD762380540100224913 /* Release */,
			);
			defaultConfigurationIsVisible = 0;
			defaultConfigurationName = Release;
		};
		55B1CD772380540100224913 /* Build configuration list for PBXNativeTarget "Redditor" */ = {
			isa = XCConfigurationList;
			buildConfigurations = (
				55B1CD782380540100224913 /* Debug */,
				55B1CD792380540100224913 /* Release */,
			);
			defaultConfigurationIsVisible = 0;
			defaultConfigurationName = Release;
		};
		55B1CD7A2380540100224913 /* Build configuration list for PBXNativeTarget "RedditorTests" */ = {
			isa = XCConfigurationList;
			buildConfigurations = (
				55B1CD7B2380540100224913 /* Debug */,
				55B1CD7C2380540100224913 /* Release */,
			);
			defaultConfigurationIsVisible = 0;
			defaultConfigurationName = Release;
		};
/* End XCConfigurationList section */
	};
	rootObject = 55B1CD50238053FE00224913 /* Project object */;
}
